
Microsoft Visual Studio Solution File, Format Version 12.00
# Visual Studio Version 16
VisualStudioVersion = 16.0.32510.428
MinimumVisualStudioVersion = 10.0.40219.1
Project("{FAE04EC0-301F-11D3-BF4B-00C04F79EFBC}") = "WebAPIdemo", "WebAPIdemo\WebAPIdemo.csproj", "{C373C3EE-F8E5-4509-A15C-E7F62DEC6F2C}"
EndProject
Project("{FAE04EC0-301F-11D3-BF4B-00C04F79EFBC}") = "Disconnected_DAL", "..\DisconnectedDemo\Disconnected_DAL\Disconnected_DAL.csproj", "{5E8D104E-87C1-427A-AFBB-3759C34C017A}"
EndProject
Project("{FAE04EC0-301F-11D3-BF4B-00C04F79EFBC}") = "DisconnectedBLL", "..\DisconnectedDemo\DisconnectedBLL\DisconnectedBLL.csproj", "{CC209A48-FBAF-45FB-89F5-D2FDE562611A}"
EndProject
Project("{FAE04EC0-301F-11D3-BF4B-00C04F79EFBC}") = "HelperLibrary", "..\DisconnectedDemo\HelperLibrary\HelperLibrary.csproj", "{55012304-4621-4501-9DF9-D03E091F7E77}"
EndProject
Global
	GlobalSection(SolutionConfigurationPlatforms) = preSolution
		Debug|Any CPU = Debug|Any CPU
		Release|Any CPU = Release|Any CPU
	EndGlobalSection
	GlobalSection(ProjectConfigurationPlatforms) = postSolution
		{C373C3EE-F8E5-4509-A15C-E7F62DEC6F2C}.Debug|Any CPU.ActiveCfg = Debug|Any CPU
		{C373C3EE-F8E5-4509-A15C-E7F62DEC6F2C}.Debug|Any CPU.Build.0 = Debug|Any CPU
		{C373C3EE-F8E5-4509-A15C-E7F62DEC6F2C}.Release|Any CPU.ActiveCfg = Release|Any CPU
		{C373C3EE-F8E5-4509-A15C-E7F62DEC6F2C}.Release|Any CPU.Build.0 = Release|Any CPU
		{5E8D104E-87C1-427A-AFBB-3759C34C017A}.Debug|Any CPU.ActiveCfg = Debug|Any CPU
		{5E8D104E-87C1-427A-AFBB-3759C34C017A}.Debug|Any CPU.Build.0 = Debug|Any CPU
		{5E8D104E-87C1-427A-AFBB-3759C34C017A}.Release|Any CPU.ActiveCfg = Release|Any CPU
		{5E8D104E-87C1-427A-AFBB-3759C34C017A}.Release|Any CPU.Build.0 = Release|Any CPU
		{CC209A48-FBAF-45FB-89F5-D2FDE562611A}.Debug|Any CPU.ActiveCfg = Debug|Any CPU
		{CC209A48-FBAF-45FB-89F5-D2FDE562611A}.Debug|Any CPU.Build.0 = Debug|Any CPU
		{CC209A48-FBAF-45FB-89F5-D2FDE562611A}.Release|Any CPU.ActiveCfg = Release|Any CPU
		{CC209A48-FBAF-45FB-89F5-D2FDE562611A}.Release|Any CPU.Build.0 = Release|Any CPU
		{55012304-4621-4501-9DF9-D03E091F7E77}.Debug|Any CPU.ActiveCfg = Debug|Any CPU
		{55012304-4621-4501-9DF9-D03E091F7E77}.Debug|Any CPU.Build.0 = Debug|Any CPU
		{55012304-4621-4501-9DF9-D03E091F7E77}.Release|Any CPU.ActiveCfg = Release|Any CPU
		{55012304-4621-4501-9DF9-D03E091F7E77}.Release|Any CPU.Build.0 = Release|Any CPU
	EndGlobalSection
	GlobalSection(SolutionProperties) = preSolution
		HideSolutionNode = FALSE
	EndGlobalSection
	GlobalSection(ExtensibilityGlobals) = postSolution
		SolutionGuid = {3673E525-D679-428A-937A-C71AA2F54D34}
	EndGlobalSection
EndGlobal
